
Microsoft Visual Studio Solution File, Format Version 12.00
# Visual Studio 15
VisualStudioVersion = 15.0.27004.2010
MinimumVisualStudioVersion = 10.0.40219.1
Project("{FAE04EC0-301F-11D3-BF4B-00C04F79EFBC}") = "MoneyTracker-01", "MoneyTracker-01\MoneyTracker-01.csproj", "{F33F24CA-C9A5-4327-BBE8-198151B75242}"
EndProject
Global
	GlobalSection(SolutionConfigurationPlatforms) = preSolution
		Debug|Any CPU = Debug|Any CPU
		Release|Any CPU = Release|Any CPU
	EndGlobalSection
	GlobalSection(ProjectConfigurationPlatforms) = postSolution
		{F33F24CA-C9A5-4327-BBE8-198151B75242}.Debug|Any CPU.ActiveCfg = Debug|Any CPU
		{F33F24CA-C9A5-4327-BBE8-198151B75242}.Debug|Any CPU.Build.0 = Debug|Any CPU
		{F33F24CA-C9A5-4327-BBE8-198151B75242}.Debug|Any CPU.Deploy.0 = Debug|Any CPU
		{F33F24CA-C9A5-4327-BBE8-198151B75242}.Release|Any CPU.ActiveCfg = Release|Any CPU
		{F33F24CA-C9A5-4327-BBE8-198151B75242}.Release|Any CPU.Build.0 = Release|Any CPU
		{F33F24CA-C9A5-4327-BBE8-198151B75242}.Release|Any CPU.Deploy.0 = Release|Any CPU
	EndGlobalSection
	GlobalSection(SolutionProperties) = preSolution
		HideSolutionNode = FALSE
	EndGlobalSection
	GlobalSection(ExtensibilityGlobals) = postSolution
		SolutionGuid = {923DF21E-9351-456B-B511-7F91391347B5}
	EndGlobalSection
EndGlobal
